
Microsoft Visual Studio Solution File, Format Version 12.00
# Visual Studio Version 16
VisualStudioVersion = 16.0.31613.86
MinimumVisualStudioVersion = 10.0.40219.1
Project("{8BC9CEB8-8B4A-11D0-8D11-00A0C91BC942}") = "Ej02", "Ej02\Ej02.vcxproj", "{D0311B1E-1B9E-4C72-861A-F587322770F7}"
EndProject
Project("{8BC9CEB8-8B4A-11D0-8D11-00A0C91BC942}") = "Ej01", "Ej01\Ej01.vcxproj", "{7E5A8AF5-4335-4FEB-BE02-7361156E7F01}"
EndProject
Project("{8BC9CEB8-8B4A-11D0-8D11-00A0C91BC942}") = "Ej03", "Ej03\Ej03.vcxproj", "{C2E72E21-DFAF-4F92-A5EC-E8059B383937}"
EndProject
Project("{8BC9CEB8-8B4A-11D0-8D11-00A0C91BC942}") = "Ej04", "Ej04\Ej04.vcxproj", "{52E06F2B-D746-4F48-8840-7B19F55D1E40}"
EndProject
Project("{8BC9CEB8-8B4A-11D0-8D11-00A0C91BC942}") = "Ej05", "Ej05\Ej05.vcxproj", "{D42D4F0F-17A1-4EC8-964D-CF0CC468EAE5}"
EndProject
Project("{8BC9CEB8-8B4A-11D0-8D11-00A0C91BC942}") = "Ej06", "Ej06\Ej06.vcxproj", "{45B5A542-EA8F-418C-B4D3-F0AFA01A1942}"
EndProject
Project("{8BC9CEB8-8B4A-11D0-8D11-00A0C91BC942}") = "Ej07", "Ej07\Ej07.vcxproj", "{787697A5-0BC4-4757-9EB6-C98958B38550}"
EndProject
Project("{8BC9CEB8-8B4A-11D0-8D11-00A0C91BC942}") = "Ej08", "Ej08\Ej08.vcxproj", "{ED03C5EA-4B86-4D4F-AB8C-B416C628F5F5}"
EndProject
Global
	GlobalSection(SolutionConfigurationPlatforms) = preSolution
		Debug|x64 = Debug|x64
		Debug|x86 = Debug|x86
		Release|x64 = Release|x64
		Release|x86 = Release|x86
	EndGlobalSection
	GlobalSection(ProjectConfigurationPlatforms) = postSolution
		{D0311B1E-1B9E-4C72-861A-F587322770F7}.Debug|x64.ActiveCfg = Debug|x64
		{D0311B1E-1B9E-4C72-861A-F587322770F7}.Debug|x64.Build.0 = Debug|x64
		{D0311B1E-1B9E-4C72-861A-F587322770F7}.Debug|x86.ActiveCfg = Debug|Win32
		{D0311B1E-1B9E-4C72-861A-F587322770F7}.Debug|x86.Build.0 = Debug|Win32
		{D0311B1E-1B9E-4C72-861A-F587322770F7}.Release|x64.ActiveCfg = Release|x64
		{D0311B1E-1B9E-4C72-861A-F587322770F7}.Release|x64.Build.0 = Release|x64
		{D0311B1E-1B9E-4C72-861A-F587322770F7}.Release|x86.ActiveCfg = Release|Win32
		{D0311B1E-1B9E-4C72-861A-F587322770F7}.Release|x86.Build.0 = Release|Win32
		{7E5A8AF5-4335-4FEB-BE02-7361156E7F01}.Debug|x64.ActiveCfg = Debug|x64
		{7E5A8AF5-4335-4FEB-BE02-7361156E7F01}.Debug|x64.Build.0 = Debug|x64
		{7E5A8AF5-4335-4FEB-BE02-7361156E7F01}.Debug|x86.ActiveCfg = Debug|Win32
		{7E5A8AF5-4335-4FEB-BE02-7361156E7F01}.Debug|x86.Build.0 = Debug|Win32
		{7E5A8AF5-4335-4FEB-BE02-7361156E7F01}.Release|x64.ActiveCfg = Release|x64
		{7E5A8AF5-4335-4FEB-BE02-7361156E7F01}.Release|x64.Build.0 = Release|x64
		{7E5A8AF5-4335-4FEB-BE02-7361156E7F01}.Release|x86.ActiveCfg = Release|Win32
		{7E5A8AF5-4335-4FEB-BE02-7361156E7F01}.Release|x86.Build.0 = Release|Win32
		{C2E72E21-DFAF-4F92-A5EC-E8059B383937}.Debug|x64.ActiveCfg = Debug|x64
		{C2E72E21-DFAF-4F92-A5EC-E8059B383937}.Debug|x64.Build.0 = Debug|x64
		{C2E72E21-DFAF-4F92-A5EC-E8059B383937}.Debug|x86.ActiveCfg = Debug|Win32
		{C2E72E21-DFAF-4F92-A5EC-E8059B383937}.Debug|x86.Build.0 = Debug|Win32
		{C2E72E21-DFAF-4F92-A5EC-E8059B383937}.Release|x64.ActiveCfg = Release|x64
		{C2E72E21-DFAF-4F92-A5EC-E8059B383937}.Release|x64.Build.0 = Release|x64
		{C2E72E21-DFAF-4F92-A5EC-E8059B383937}.Release|x86.ActiveCfg = Release|Win32
		{C2E72E21-DFAF-4F92-A5EC-E8059B383937}.Release|x86.Build.0 = Release|Win32
		{52E06F2B-D746-4F48-8840-7B19F55D1E40}.Debug|x64.ActiveCfg = Debug|x64
		{52E06F2B-D746-4F48-8840-7B19F55D1E40}.Debug|x64.Build.0 = Debug|x64
		{52E06F2B-D746-4F48-8840-7B19F55D1E40}.Debug|x86.ActiveCfg = Debug|Win32
		{52E06F2B-D746-4F48-8840-7B19F55D1E40}.Debug|x86.Build.0 = Debug|Win32
		{52E06F2B-D746-4F48-8840-7B19F55D1E40}.Release|x64.ActiveCfg = Release|x64
		{52E06F2B-D746-4F48-8840-7B19F55D1E40}.Release|x64.Build.0 = Release|x64
		{52E06F2B-D746-4F48-8840-7B19F55D1E40}.Release|x86.ActiveCfg = Release|Win32
		{52E06F2B-D746-4F48-8840-7B19F55D1E40}.Release|x86.Build.0 = Release|Win32
		{D42D4F0F-17A1-4EC8-964D-CF0CC468EAE5}.Debug|x64.ActiveCfg = Debug|x64
		{D42D4F0F-17A1-4EC8-964D-CF0CC468EAE5}.Debug|x64.Build.0 = Debug|x64
		{D42D4F0F-17A1-4EC8-964D-CF0CC468EAE5}.Debug|x86.ActiveCfg = Debug|Win32
		{D42D4F0F-17A1-4EC8-964D-CF0CC468EAE5}.Debug|x86.Build.0 = Debug|Win32
		{D42D4F0F-17A1-4EC8-964D-CF0CC468EAE5}.Release|x64.ActiveCfg = Release|x64
		{D42D4F0F-17A1-4EC8-964D-CF0CC468EAE5}.Release|x64.Build.0 = Release|x64
		{D42D4F0F-17A1-4EC8-964D-CF0CC468EAE5}.Release|x86.ActiveCfg = Release|Win32
		{D42D4F0F-17A1-4EC8-964D-CF0CC468EAE5}.Release|x86.Build.0 = Release|Win32
		{45B5A542-EA8F-418C-B4D3-F0AFA01A1942}.Debug|x64.ActiveCfg = Debug|x64
		{45B5A542-EA8F-418C-B4D3-F0AFA01A1942}.Debug|x64.Build.0 = Debug|x64
		{45B5A542-EA8F-418C-B4D3-F0AFA01A1942}.Debug|x86.ActiveCfg = Debug|Win32
		{45B5A542-EA8F-418C-B4D3-F0AFA01A1942}.Debug|x86.Build.0 = Debug|Win32
		{45B5A542-EA8F-418C-B4D3-F0AFA01A1942}.Release|x64.ActiveCfg = Release|x64
		{45B5A542-EA8F-418C-B4D3-F0AFA01A1942}.Release|x64.Build.0 = Release|x64
		{45B5A542-EA8F-418C-B4D3-F0AFA01A1942}.Release|x86.ActiveCfg = Release|Win32
		{45B5A542-EA8F-418C-B4D3-F0AFA01A1942}.Release|x86.Build.0 = Release|Win32
		{787697A5-0BC4-4757-9EB6-C98958B38550}.Debug|x64.ActiveCfg = Debug|x64
		{787697A5-0BC4-4757-9EB6-C98958B38550}.Debug|x64.Build.0 = Debug|x64
		{787697A5-0BC4-4757-9EB6-C98958B38550}.Debug|x86.ActiveCfg = Debug|Win32
		{787697A5-0BC4-4757-9EB6-C98958B38550}.Debug|x86.Build.0 = Debug|Win32
		{787697A5-0BC4-4757-9EB6-C98958B38550}.Release|x64.ActiveCfg = Release|x64
		{787697A5-0BC4-4757-9EB6-C98958B38550}.Release|x64.Build.0 = Release|x64
		{787697A5-0BC4-4757-9EB6-C98958B38550}.Release|x86.ActiveCfg = Release|Win32
		{787697A5-0BC4-4757-9EB6-C98958B38550}.Release|x86.Build.0 = Release|Win32
		{ED03C5EA-4B86-4D4F-AB8C-B416C628F5F5}.Debug|x64.ActiveCfg = Debug|x64
		{ED03C5EA-4B86-4D4F-AB8C-B416C628F5F5}.Debug|x64.Build.0 = Debug|x64
		{ED03C5EA-4B86-4D4F-AB8C-B416C628F5F5}.Debug|x86.ActiveCfg = Debug|Win32
		{ED03C5EA-4B86-4D4F-AB8C-B416C628F5F5}.Debug|x86.Build.0 = Debug|Win32
		{ED03C5EA-4B86-4D4F-AB8C-B416C628F5F5}.Release|x64.ActiveCfg = Release|x64
		{ED03C5EA-4B86-4D4F-AB8C-B416C628F5F5}.Release|x64.Build.0 = Release|x64
		{ED03C5EA-4B86-4D4F-AB8C-B416C628F5F5}.Release|x86.ActiveCfg = Release|Win32
		{ED03C5EA-4B86-4D4F-AB8C-B416C628F5F5}.Release|x86.Build.0 = Release|Win32
	EndGlobalSection
	GlobalSection(SolutionProperties) = preSolution
		HideSolutionNode = FALSE
	EndGlobalSection
	GlobalSection(ExtensibilityGlobals) = postSolution
		SolutionGuid = {10414434-DA51-437F-8976-6DF6D44FA024}
	EndGlobalSection
EndGlobal
