
Microsoft Visual Studio Solution File, Format Version 12.00
# Visual Studio Version 16
VisualStudioVersion = 16.0.31613.86
MinimumVisualStudioVersion = 10.0.40219.1
Project("{8BC9CEB8-8B4A-11D0-8D11-00A0C91BC942}") = "Ej01", "Ej01\Ej01.vcxproj", "{3ACE0F51-62E9-4A21-953F-569A131C7F8A}"
EndProject
Project("{8BC9CEB8-8B4A-11D0-8D11-00A0C91BC942}") = "Ej02", "Ej02\Ej02.vcxproj", "{8F4883D5-23B8-4F12-A5A3-40433647CE75}"
EndProject
Project("{8BC9CEB8-8B4A-11D0-8D11-00A0C91BC942}") = "Ej03", "Ej03\Ej03.vcxproj", "{27FBEDB2-2106-4FA0-A1DF-FD77D502D7F6}"
EndProject
Project("{8BC9CEB8-8B4A-11D0-8D11-00A0C91BC942}") = "Ej04", "Ej04\Ej04.vcxproj", "{316353CF-94F7-459D-8AF4-2B4A9A9807C0}"
EndProject
Global
	GlobalSection(SolutionConfigurationPlatforms) = preSolution
		Debug|x64 = Debug|x64
		Debug|x86 = Debug|x86
		Release|x64 = Release|x64
		Release|x86 = Release|x86
	EndGlobalSection
	GlobalSection(ProjectConfigurationPlatforms) = postSolution
		{3ACE0F51-62E9-4A21-953F-569A131C7F8A}.Debug|x64.ActiveCfg = Debug|x64
		{3ACE0F51-62E9-4A21-953F-569A131C7F8A}.Debug|x64.Build.0 = Debug|x64
		{3ACE0F51-62E9-4A21-953F-569A131C7F8A}.Debug|x86.ActiveCfg = Debug|Win32
		{3ACE0F51-62E9-4A21-953F-569A131C7F8A}.Debug|x86.Build.0 = Debug|Win32
		{3ACE0F51-62E9-4A21-953F-569A131C7F8A}.Release|x64.ActiveCfg = Release|x64
		{3ACE0F51-62E9-4A21-953F-569A131C7F8A}.Release|x64.Build.0 = Release|x64
		{3ACE0F51-62E9-4A21-953F-569A131C7F8A}.Release|x86.ActiveCfg = Release|Win32
		{3ACE0F51-62E9-4A21-953F-569A131C7F8A}.Release|x86.Build.0 = Release|Win32
		{8F4883D5-23B8-4F12-A5A3-40433647CE75}.Debug|x64.ActiveCfg = Debug|x64
		{8F4883D5-23B8-4F12-A5A3-40433647CE75}.Debug|x64.Build.0 = Debug|x64
		{8F4883D5-23B8-4F12-A5A3-40433647CE75}.Debug|x86.ActiveCfg = Debug|Win32
		{8F4883D5-23B8-4F12-A5A3-40433647CE75}.Debug|x86.Build.0 = Debug|Win32
		{8F4883D5-23B8-4F12-A5A3-40433647CE75}.Release|x64.ActiveCfg = Release|x64
		{8F4883D5-23B8-4F12-A5A3-40433647CE75}.Release|x64.Build.0 = Release|x64
		{8F4883D5-23B8-4F12-A5A3-40433647CE75}.Release|x86.ActiveCfg = Release|Win32
		{8F4883D5-23B8-4F12-A5A3-40433647CE75}.Release|x86.Build.0 = Release|Win32
		{27FBEDB2-2106-4FA0-A1DF-FD77D502D7F6}.Debug|x64.ActiveCfg = Debug|x64
		{27FBEDB2-2106-4FA0-A1DF-FD77D502D7F6}.Debug|x64.Build.0 = Debug|x64
		{27FBEDB2-2106-4FA0-A1DF-FD77D502D7F6}.Debug|x86.ActiveCfg = Debug|Win32
		{27FBEDB2-2106-4FA0-A1DF-FD77D502D7F6}.Debug|x86.Build.0 = Debug|Win32
		{27FBEDB2-2106-4FA0-A1DF-FD77D502D7F6}.Release|x64.ActiveCfg = Release|x64
		{27FBEDB2-2106-4FA0-A1DF-FD77D502D7F6}.Release|x64.Build.0 = Release|x64
		{27FBEDB2-2106-4FA0-A1DF-FD77D502D7F6}.Release|x86.ActiveCfg = Release|Win32
		{27FBEDB2-2106-4FA0-A1DF-FD77D502D7F6}.Release|x86.Build.0 = Release|Win32
		{316353CF-94F7-459D-8AF4-2B4A9A9807C0}.Debug|x64.ActiveCfg = Debug|x64
		{316353CF-94F7-459D-8AF4-2B4A9A9807C0}.Debug|x64.Build.0 = Debug|x64
		{316353CF-94F7-459D-8AF4-2B4A9A9807C0}.Debug|x86.ActiveCfg = Debug|Win32
		{316353CF-94F7-459D-8AF4-2B4A9A9807C0}.Debug|x86.Build.0 = Debug|Win32
		{316353CF-94F7-459D-8AF4-2B4A9A9807C0}.Release|x64.ActiveCfg = Release|x64
		{316353CF-94F7-459D-8AF4-2B4A9A9807C0}.Release|x64.Build.0 = Release|x64
		{316353CF-94F7-459D-8AF4-2B4A9A9807C0}.Release|x86.ActiveCfg = Release|Win32
		{316353CF-94F7-459D-8AF4-2B4A9A9807C0}.Release|x86.Build.0 = Release|Win32
	EndGlobalSection
	GlobalSection(SolutionProperties) = preSolution
		HideSolutionNode = FALSE
	EndGlobalSection
	GlobalSection(ExtensibilityGlobals) = postSolution
		SolutionGuid = {3580CA04-4004-40E0-87DE-8F75805848DB}
	EndGlobalSection
EndGlobal
