
Microsoft Visual Studio Solution File, Format Version 12.00
# Visual Studio Version 16
VisualStudioVersion = 16.0.31613.86
MinimumVisualStudioVersion = 10.0.40219.1
Project("{8BC9CEB8-8B4A-11D0-8D11-00A0C91BC942}") = "Ej01", "Ej01\Ej01.vcxproj", "{3ACE0F51-62E9-4A21-953F-569A131C7F8A}"
EndProject
Project("{8BC9CEB8-8B4A-11D0-8D11-00A0C91BC942}") = "Ej02", "Ej02\Ej02.vcxproj", "{8F4883D5-23B8-4F12-A5A3-40433647CE75}"
EndProject
Project("{8BC9CEB8-8B4A-11D0-8D11-00A0C91BC942}") = "Ej03", "Ej03\Ej03.vcxproj", "{27FBEDB2-2106-4FA0-A1DF-FD77D502D7F6}"
EndProject
Project("{8BC9CEB8-8B4A-11D0-8D11-00A0C91BC942}") = "Ej04", "Ej04\Ej04.vcxproj", "{316353CF-94F7-459D-8AF4-2B4A9A9807C0}"
EndProject
Project("{8BC9CEB8-8B4A-11D0-8D11-00A0C91BC942}") = "Ej05", "Ej05\Ej05.vcxproj", "{DFB7AFAC-36EC-4A1D-A122-C3D30F5F63B1}"
EndProject
Project("{8BC9CEB8-8B4A-11D0-8D11-00A0C91BC942}") = "Ej06", "Ej06\Ej06.vcxproj", "{182D0A49-1C67-4EB5-9B37-E4B803E84555}"
EndProject
Project("{8BC9CEB8-8B4A-11D0-8D11-00A0C91BC942}") = "Ej07", "Ej07\Ej07.vcxproj", "{36C3DFB1-DAA6-41C0-9D71-04ED52301AD9}"
EndProject
Project("{8BC9CEB8-8B4A-11D0-8D11-00A0C91BC942}") = "Ej08", "Ej08\Ej08.vcxproj", "{5DFF7B03-6200-4912-8E63-1CBD37BBA7D6}"
EndProject
Global
	GlobalSection(SolutionConfigurationPlatforms) = preSolution
		Debug|x64 = Debug|x64
		Debug|x86 = Debug|x86
		Release|x64 = Release|x64
		Release|x86 = Release|x86
	EndGlobalSection
	GlobalSection(ProjectConfigurationPlatforms) = postSolution
		{3ACE0F51-62E9-4A21-953F-569A131C7F8A}.Debug|x64.ActiveCfg = Debug|x64
		{3ACE0F51-62E9-4A21-953F-569A131C7F8A}.Debug|x64.Build.0 = Debug|x64
		{3ACE0F51-62E9-4A21-953F-569A131C7F8A}.Debug|x86.ActiveCfg = Debug|Win32
		{3ACE0F51-62E9-4A21-953F-569A131C7F8A}.Debug|x86.Build.0 = Debug|Win32
		{3ACE0F51-62E9-4A21-953F-569A131C7F8A}.Release|x64.ActiveCfg = Release|x64
		{3ACE0F51-62E9-4A21-953F-569A131C7F8A}.Release|x64.Build.0 = Release|x64
		{3ACE0F51-62E9-4A21-953F-569A131C7F8A}.Release|x86.ActiveCfg = Release|Win32
		{3ACE0F51-62E9-4A21-953F-569A131C7F8A}.Release|x86.Build.0 = Release|Win32
		{8F4883D5-23B8-4F12-A5A3-40433647CE75}.Debug|x64.ActiveCfg = Debug|x64
		{8F4883D5-23B8-4F12-A5A3-40433647CE75}.Debug|x64.Build.0 = Debug|x64
		{8F4883D5-23B8-4F12-A5A3-40433647CE75}.Debug|x86.ActiveCfg = Debug|Win32
		{8F4883D5-23B8-4F12-A5A3-40433647CE75}.Debug|x86.Build.0 = Debug|Win32
		{8F4883D5-23B8-4F12-A5A3-40433647CE75}.Release|x64.ActiveCfg = Release|x64
		{8F4883D5-23B8-4F12-A5A3-40433647CE75}.Release|x64.Build.0 = Release|x64
		{8F4883D5-23B8-4F12-A5A3-40433647CE75}.Release|x86.ActiveCfg = Release|Win32
		{8F4883D5-23B8-4F12-A5A3-40433647CE75}.Release|x86.Build.0 = Release|Win32
		{27FBEDB2-2106-4FA0-A1DF-FD77D502D7F6}.Debug|x64.ActiveCfg = Debug|x64
		{27FBEDB2-2106-4FA0-A1DF-FD77D502D7F6}.Debug|x64.Build.0 = Debug|x64
		{27FBEDB2-2106-4FA0-A1DF-FD77D502D7F6}.Debug|x86.ActiveCfg = Debug|Win32
		{27FBEDB2-2106-4FA0-A1DF-FD77D502D7F6}.Debug|x86.Build.0 = Debug|Win32
		{27FBEDB2-2106-4FA0-A1DF-FD77D502D7F6}.Release|x64.ActiveCfg = Release|x64
		{27FBEDB2-2106-4FA0-A1DF-FD77D502D7F6}.Release|x64.Build.0 = Release|x64
		{27FBEDB2-2106-4FA0-A1DF-FD77D502D7F6}.Release|x86.ActiveCfg = Release|Win32
		{27FBEDB2-2106-4FA0-A1DF-FD77D502D7F6}.Release|x86.Build.0 = Release|Win32
		{316353CF-94F7-459D-8AF4-2B4A9A9807C0}.Debug|x64.ActiveCfg = Debug|x64
		{316353CF-94F7-459D-8AF4-2B4A9A9807C0}.Debug|x64.Build.0 = Debug|x64
		{316353CF-94F7-459D-8AF4-2B4A9A9807C0}.Debug|x86.ActiveCfg = Debug|Win32
		{316353CF-94F7-459D-8AF4-2B4A9A9807C0}.Debug|x86.Build.0 = Debug|Win32
		{316353CF-94F7-459D-8AF4-2B4A9A9807C0}.Release|x64.ActiveCfg = Release|x64
		{316353CF-94F7-459D-8AF4-2B4A9A9807C0}.Release|x64.Build.0 = Release|x64
		{316353CF-94F7-459D-8AF4-2B4A9A9807C0}.Release|x86.ActiveCfg = Release|Win32
		{316353CF-94F7-459D-8AF4-2B4A9A9807C0}.Release|x86.Build.0 = Release|Win32
		{DFB7AFAC-36EC-4A1D-A122-C3D30F5F63B1}.Debug|x64.ActiveCfg = Debug|x64
		{DFB7AFAC-36EC-4A1D-A122-C3D30F5F63B1}.Debug|x64.Build.0 = Debug|x64
		{DFB7AFAC-36EC-4A1D-A122-C3D30F5F63B1}.Debug|x86.ActiveCfg = Debug|Win32
		{DFB7AFAC-36EC-4A1D-A122-C3D30F5F63B1}.Debug|x86.Build.0 = Debug|Win32
		{DFB7AFAC-36EC-4A1D-A122-C3D30F5F63B1}.Release|x64.ActiveCfg = Release|x64
		{DFB7AFAC-36EC-4A1D-A122-C3D30F5F63B1}.Release|x64.Build.0 = Release|x64
		{DFB7AFAC-36EC-4A1D-A122-C3D30F5F63B1}.Release|x86.ActiveCfg = Release|Win32
		{DFB7AFAC-36EC-4A1D-A122-C3D30F5F63B1}.Release|x86.Build.0 = Release|Win32
		{182D0A49-1C67-4EB5-9B37-E4B803E84555}.Debug|x64.ActiveCfg = Debug|x64
		{182D0A49-1C67-4EB5-9B37-E4B803E84555}.Debug|x64.Build.0 = Debug|x64
		{182D0A49-1C67-4EB5-9B37-E4B803E84555}.Debug|x86.ActiveCfg = Debug|Win32
		{182D0A49-1C67-4EB5-9B37-E4B803E84555}.Debug|x86.Build.0 = Debug|Win32
		{182D0A49-1C67-4EB5-9B37-E4B803E84555}.Release|x64.ActiveCfg = Release|x64
		{182D0A49-1C67-4EB5-9B37-E4B803E84555}.Release|x64.Build.0 = Release|x64
		{182D0A49-1C67-4EB5-9B37-E4B803E84555}.Release|x86.ActiveCfg = Release|Win32
		{182D0A49-1C67-4EB5-9B37-E4B803E84555}.Release|x86.Build.0 = Release|Win32
		{36C3DFB1-DAA6-41C0-9D71-04ED52301AD9}.Debug|x64.ActiveCfg = Debug|x64
		{36C3DFB1-DAA6-41C0-9D71-04ED52301AD9}.Debug|x64.Build.0 = Debug|x64
		{36C3DFB1-DAA6-41C0-9D71-04ED52301AD9}.Debug|x86.ActiveCfg = Debug|Win32
		{36C3DFB1-DAA6-41C0-9D71-04ED52301AD9}.Debug|x86.Build.0 = Debug|Win32
		{36C3DFB1-DAA6-41C0-9D71-04ED52301AD9}.Release|x64.ActiveCfg = Release|x64
		{36C3DFB1-DAA6-41C0-9D71-04ED52301AD9}.Release|x64.Build.0 = Release|x64
		{36C3DFB1-DAA6-41C0-9D71-04ED52301AD9}.Release|x86.ActiveCfg = Release|Win32
		{36C3DFB1-DAA6-41C0-9D71-04ED52301AD9}.Release|x86.Build.0 = Release|Win32
		{5DFF7B03-6200-4912-8E63-1CBD37BBA7D6}.Debug|x64.ActiveCfg = Debug|x64
		{5DFF7B03-6200-4912-8E63-1CBD37BBA7D6}.Debug|x64.Build.0 = Debug|x64
		{5DFF7B03-6200-4912-8E63-1CBD37BBA7D6}.Debug|x86.ActiveCfg = Debug|Win32
		{5DFF7B03-6200-4912-8E63-1CBD37BBA7D6}.Debug|x86.Build.0 = Debug|Win32
		{5DFF7B03-6200-4912-8E63-1CBD37BBA7D6}.Release|x64.ActiveCfg = Release|x64
		{5DFF7B03-6200-4912-8E63-1CBD37BBA7D6}.Release|x64.Build.0 = Release|x64
		{5DFF7B03-6200-4912-8E63-1CBD37BBA7D6}.Release|x86.ActiveCfg = Release|Win32
		{5DFF7B03-6200-4912-8E63-1CBD37BBA7D6}.Release|x86.Build.0 = Release|Win32
	EndGlobalSection
	GlobalSection(SolutionProperties) = preSolution
		HideSolutionNode = FALSE
	EndGlobalSection
	GlobalSection(ExtensibilityGlobals) = postSolution
		SolutionGuid = {3580CA04-4004-40E0-87DE-8F75805848DB}
	EndGlobalSection
EndGlobal
