
Microsoft Visual Studio Solution File, Format Version 12.00
# Visual Studio Version 16
VisualStudioVersion = 16.0.31613.86
MinimumVisualStudioVersion = 10.0.40219.1
Project("{8BC9CEB8-8B4A-11D0-8D11-00A0C91BC942}") = "Ej01", "Ej01\Ej01.vcxproj", "{7AC69F1B-D720-4BD2-8F82-3C7EEC64E338}"
EndProject
Project("{8BC9CEB8-8B4A-11D0-8D11-00A0C91BC942}") = "Ej02", "Ej02\Ej02.vcxproj", "{B0461222-3E31-4EAE-8401-E09FA0D0B6FC}"
EndProject
Project("{8BC9CEB8-8B4A-11D0-8D11-00A0C91BC942}") = "Ej03", "Ej03\Ej03.vcxproj", "{6D3A61A9-5250-482A-A3EF-357BA7AD821D}"
EndProject
Project("{8BC9CEB8-8B4A-11D0-8D11-00A0C91BC942}") = "Ej04", "Ej04\Ej04.vcxproj", "{EE29FFF1-AFDE-4353-A71E-8A569EE3018D}"
EndProject
Project("{8BC9CEB8-8B4A-11D0-8D11-00A0C91BC942}") = "Ej05", "Ej05\Ej05.vcxproj", "{0313354F-6439-417E-997F-3D8664A53D94}"
EndProject
Project("{8BC9CEB8-8B4A-11D0-8D11-00A0C91BC942}") = "Ej06", "Ej06\Ej06.vcxproj", "{E0D79488-CC11-435E-B1D4-D1C5C2481CFC}"
EndProject
Project("{8BC9CEB8-8B4A-11D0-8D11-00A0C91BC942}") = "Ej07", "Ej07\Ej07.vcxproj", "{88DE779C-F075-47B2-ADAC-7FBF2C3132CF}"
EndProject
Project("{8BC9CEB8-8B4A-11D0-8D11-00A0C91BC942}") = "Ej08", "Ej08\Ej08.vcxproj", "{893AED05-D58A-4BB8-92B6-DAB64407634D}"
EndProject
Project("{8BC9CEB8-8B4A-11D0-8D11-00A0C91BC942}") = "Ej09", "Ej09\Ej09.vcxproj", "{3F391376-D72F-4183-BB99-359E98BEFEAA}"
EndProject
Project("{8BC9CEB8-8B4A-11D0-8D11-00A0C91BC942}") = "Ej10", "Ej10\Ej10.vcxproj", "{1B806A02-1AC9-4B6B-801E-D596E6F40028}"
EndProject
Project("{8BC9CEB8-8B4A-11D0-8D11-00A0C91BC942}") = "Ej11", "Ej11\Ej11.vcxproj", "{6AEFECA1-7E95-4D14-B3FD-1BFE29D5EE68}"
EndProject
Project("{8BC9CEB8-8B4A-11D0-8D11-00A0C91BC942}") = "Ej12", "Ej12\Ej12.vcxproj", "{58EE972E-F559-4409-BDBA-C09BABAC8722}"
EndProject
Project("{8BC9CEB8-8B4A-11D0-8D11-00A0C91BC942}") = "Ej13", "Ej13\Ej13.vcxproj", "{CF44D707-EB6D-47C5-ABD0-680FEE97B7C5}"
EndProject
Project("{8BC9CEB8-8B4A-11D0-8D11-00A0C91BC942}") = "Ej14", "Ej14\Ej14.vcxproj", "{10CD7CCE-558B-4610-9E3D-941388013B30}"
EndProject
Project("{8BC9CEB8-8B4A-11D0-8D11-00A0C91BC942}") = "Ej15", "Ej15\Ej15.vcxproj", "{32A9694F-6E17-410D-9E74-F7877CE1E36D}"
EndProject
Project("{8BC9CEB8-8B4A-11D0-8D11-00A0C91BC942}") = "Ej16", "Ej16\Ej16.vcxproj", "{ABE2FD1F-90D6-49EC-B6F9-4B463B8E8D83}"
EndProject
Project("{8BC9CEB8-8B4A-11D0-8D11-00A0C91BC942}") = "Ej17", "Ej17\Ej17.vcxproj", "{B9196FE7-4BDB-4A5A-862A-CFA4D03E37FA}"
EndProject
Project("{8BC9CEB8-8B4A-11D0-8D11-00A0C91BC942}") = "Ej18", "Ej18\Ej18.vcxproj", "{CF65DCAF-84C8-4E50-9BCC-BF184991675E}"
EndProject
Project("{8BC9CEB8-8B4A-11D0-8D11-00A0C91BC942}") = "grersrgersgererg", "grersrgersgererg\grersrgersgererg.vcxproj", "{C9B3CFDC-4461-4A9C-A6DD-5D4DB8DAE1DF}"
EndProject
Global
	GlobalSection(SolutionConfigurationPlatforms) = preSolution
		Debug|x64 = Debug|x64
		Debug|x86 = Debug|x86
		Release|x64 = Release|x64
		Release|x86 = Release|x86
	EndGlobalSection
	GlobalSection(ProjectConfigurationPlatforms) = postSolution
		{7AC69F1B-D720-4BD2-8F82-3C7EEC64E338}.Debug|x64.ActiveCfg = Debug|x64
		{7AC69F1B-D720-4BD2-8F82-3C7EEC64E338}.Debug|x64.Build.0 = Debug|x64
		{7AC69F1B-D720-4BD2-8F82-3C7EEC64E338}.Debug|x86.ActiveCfg = Debug|Win32
		{7AC69F1B-D720-4BD2-8F82-3C7EEC64E338}.Debug|x86.Build.0 = Debug|Win32
		{7AC69F1B-D720-4BD2-8F82-3C7EEC64E338}.Release|x64.ActiveCfg = Release|x64
		{7AC69F1B-D720-4BD2-8F82-3C7EEC64E338}.Release|x64.Build.0 = Release|x64
		{7AC69F1B-D720-4BD2-8F82-3C7EEC64E338}.Release|x86.ActiveCfg = Release|Win32
		{7AC69F1B-D720-4BD2-8F82-3C7EEC64E338}.Release|x86.Build.0 = Release|Win32
		{B0461222-3E31-4EAE-8401-E09FA0D0B6FC}.Debug|x64.ActiveCfg = Debug|x64
		{B0461222-3E31-4EAE-8401-E09FA0D0B6FC}.Debug|x64.Build.0 = Debug|x64
		{B0461222-3E31-4EAE-8401-E09FA0D0B6FC}.Debug|x86.ActiveCfg = Debug|Win32
		{B0461222-3E31-4EAE-8401-E09FA0D0B6FC}.Debug|x86.Build.0 = Debug|Win32
		{B0461222-3E31-4EAE-8401-E09FA0D0B6FC}.Release|x64.ActiveCfg = Release|x64
		{B0461222-3E31-4EAE-8401-E09FA0D0B6FC}.Release|x64.Build.0 = Release|x64
		{B0461222-3E31-4EAE-8401-E09FA0D0B6FC}.Release|x86.ActiveCfg = Release|Win32
		{B0461222-3E31-4EAE-8401-E09FA0D0B6FC}.Release|x86.Build.0 = Release|Win32
		{6D3A61A9-5250-482A-A3EF-357BA7AD821D}.Debug|x64.ActiveCfg = Debug|x64
		{6D3A61A9-5250-482A-A3EF-357BA7AD821D}.Debug|x64.Build.0 = Debug|x64
		{6D3A61A9-5250-482A-A3EF-357BA7AD821D}.Debug|x86.ActiveCfg = Debug|Win32
		{6D3A61A9-5250-482A-A3EF-357BA7AD821D}.Debug|x86.Build.0 = Debug|Win32
		{6D3A61A9-5250-482A-A3EF-357BA7AD821D}.Release|x64.ActiveCfg = Release|x64
		{6D3A61A9-5250-482A-A3EF-357BA7AD821D}.Release|x64.Build.0 = Release|x64
		{6D3A61A9-5250-482A-A3EF-357BA7AD821D}.Release|x86.ActiveCfg = Release|Win32
		{6D3A61A9-5250-482A-A3EF-357BA7AD821D}.Release|x86.Build.0 = Release|Win32
		{EE29FFF1-AFDE-4353-A71E-8A569EE3018D}.Debug|x64.ActiveCfg = Debug|x64
		{EE29FFF1-AFDE-4353-A71E-8A569EE3018D}.Debug|x64.Build.0 = Debug|x64
		{EE29FFF1-AFDE-4353-A71E-8A569EE3018D}.Debug|x86.ActiveCfg = Debug|Win32
		{EE29FFF1-AFDE-4353-A71E-8A569EE3018D}.Debug|x86.Build.0 = Debug|Win32
		{EE29FFF1-AFDE-4353-A71E-8A569EE3018D}.Release|x64.ActiveCfg = Release|x64
		{EE29FFF1-AFDE-4353-A71E-8A569EE3018D}.Release|x64.Build.0 = Release|x64
		{EE29FFF1-AFDE-4353-A71E-8A569EE3018D}.Release|x86.ActiveCfg = Release|Win32
		{EE29FFF1-AFDE-4353-A71E-8A569EE3018D}.Release|x86.Build.0 = Release|Win32
		{0313354F-6439-417E-997F-3D8664A53D94}.Debug|x64.ActiveCfg = Debug|x64
		{0313354F-6439-417E-997F-3D8664A53D94}.Debug|x64.Build.0 = Debug|x64
		{0313354F-6439-417E-997F-3D8664A53D94}.Debug|x86.ActiveCfg = Debug|Win32
		{0313354F-6439-417E-997F-3D8664A53D94}.Debug|x86.Build.0 = Debug|Win32
		{0313354F-6439-417E-997F-3D8664A53D94}.Release|x64.ActiveCfg = Release|x64
		{0313354F-6439-417E-997F-3D8664A53D94}.Release|x64.Build.0 = Release|x64
		{0313354F-6439-417E-997F-3D8664A53D94}.Release|x86.ActiveCfg = Release|Win32
		{0313354F-6439-417E-997F-3D8664A53D94}.Release|x86.Build.0 = Release|Win32
		{E0D79488-CC11-435E-B1D4-D1C5C2481CFC}.Debug|x64.ActiveCfg = Debug|x64
		{E0D79488-CC11-435E-B1D4-D1C5C2481CFC}.Debug|x64.Build.0 = Debug|x64
		{E0D79488-CC11-435E-B1D4-D1C5C2481CFC}.Debug|x86.ActiveCfg = Debug|Win32
		{E0D79488-CC11-435E-B1D4-D1C5C2481CFC}.Debug|x86.Build.0 = Debug|Win32
		{E0D79488-CC11-435E-B1D4-D1C5C2481CFC}.Release|x64.ActiveCfg = Release|x64
		{E0D79488-CC11-435E-B1D4-D1C5C2481CFC}.Release|x64.Build.0 = Release|x64
		{E0D79488-CC11-435E-B1D4-D1C5C2481CFC}.Release|x86.ActiveCfg = Release|Win32
		{E0D79488-CC11-435E-B1D4-D1C5C2481CFC}.Release|x86.Build.0 = Release|Win32
		{88DE779C-F075-47B2-ADAC-7FBF2C3132CF}.Debug|x64.ActiveCfg = Debug|x64
		{88DE779C-F075-47B2-ADAC-7FBF2C3132CF}.Debug|x64.Build.0 = Debug|x64
		{88DE779C-F075-47B2-ADAC-7FBF2C3132CF}.Debug|x86.ActiveCfg = Debug|Win32
		{88DE779C-F075-47B2-ADAC-7FBF2C3132CF}.Debug|x86.Build.0 = Debug|Win32
		{88DE779C-F075-47B2-ADAC-7FBF2C3132CF}.Release|x64.ActiveCfg = Release|x64
		{88DE779C-F075-47B2-ADAC-7FBF2C3132CF}.Release|x64.Build.0 = Release|x64
		{88DE779C-F075-47B2-ADAC-7FBF2C3132CF}.Release|x86.ActiveCfg = Release|Win32
		{88DE779C-F075-47B2-ADAC-7FBF2C3132CF}.Release|x86.Build.0 = Release|Win32
		{893AED05-D58A-4BB8-92B6-DAB64407634D}.Debug|x64.ActiveCfg = Debug|x64
		{893AED05-D58A-4BB8-92B6-DAB64407634D}.Debug|x64.Build.0 = Debug|x64
		{893AED05-D58A-4BB8-92B6-DAB64407634D}.Debug|x86.ActiveCfg = Debug|Win32
		{893AED05-D58A-4BB8-92B6-DAB64407634D}.Debug|x86.Build.0 = Debug|Win32
		{893AED05-D58A-4BB8-92B6-DAB64407634D}.Release|x64.ActiveCfg = Release|x64
		{893AED05-D58A-4BB8-92B6-DAB64407634D}.Release|x64.Build.0 = Release|x64
		{893AED05-D58A-4BB8-92B6-DAB64407634D}.Release|x86.ActiveCfg = Release|Win32
		{893AED05-D58A-4BB8-92B6-DAB64407634D}.Release|x86.Build.0 = Release|Win32
		{3F391376-D72F-4183-BB99-359E98BEFEAA}.Debug|x64.ActiveCfg = Debug|x64
		{3F391376-D72F-4183-BB99-359E98BEFEAA}.Debug|x64.Build.0 = Debug|x64
		{3F391376-D72F-4183-BB99-359E98BEFEAA}.Debug|x86.ActiveCfg = Debug|Win32
		{3F391376-D72F-4183-BB99-359E98BEFEAA}.Debug|x86.Build.0 = Debug|Win32
		{3F391376-D72F-4183-BB99-359E98BEFEAA}.Release|x64.ActiveCfg = Release|x64
		{3F391376-D72F-4183-BB99-359E98BEFEAA}.Release|x64.Build.0 = Release|x64
		{3F391376-D72F-4183-BB99-359E98BEFEAA}.Release|x86.ActiveCfg = Release|Win32
		{3F391376-D72F-4183-BB99-359E98BEFEAA}.Release|x86.Build.0 = Release|Win32
		{1B806A02-1AC9-4B6B-801E-D596E6F40028}.Debug|x64.ActiveCfg = Debug|x64
		{1B806A02-1AC9-4B6B-801E-D596E6F40028}.Debug|x64.Build.0 = Debug|x64
		{1B806A02-1AC9-4B6B-801E-D596E6F40028}.Debug|x86.ActiveCfg = Debug|Win32
		{1B806A02-1AC9-4B6B-801E-D596E6F40028}.Debug|x86.Build.0 = Debug|Win32
		{1B806A02-1AC9-4B6B-801E-D596E6F40028}.Release|x64.ActiveCfg = Release|x64
		{1B806A02-1AC9-4B6B-801E-D596E6F40028}.Release|x64.Build.0 = Release|x64
		{1B806A02-1AC9-4B6B-801E-D596E6F40028}.Release|x86.ActiveCfg = Release|Win32
		{1B806A02-1AC9-4B6B-801E-D596E6F40028}.Release|x86.Build.0 = Release|Win32
		{6AEFECA1-7E95-4D14-B3FD-1BFE29D5EE68}.Debug|x64.ActiveCfg = Debug|x64
		{6AEFECA1-7E95-4D14-B3FD-1BFE29D5EE68}.Debug|x64.Build.0 = Debug|x64
		{6AEFECA1-7E95-4D14-B3FD-1BFE29D5EE68}.Debug|x86.ActiveCfg = Debug|Win32
		{6AEFECA1-7E95-4D14-B3FD-1BFE29D5EE68}.Debug|x86.Build.0 = Debug|Win32
		{6AEFECA1-7E95-4D14-B3FD-1BFE29D5EE68}.Release|x64.ActiveCfg = Release|x64
		{6AEFECA1-7E95-4D14-B3FD-1BFE29D5EE68}.Release|x64.Build.0 = Release|x64
		{6AEFECA1-7E95-4D14-B3FD-1BFE29D5EE68}.Release|x86.ActiveCfg = Release|Win32
		{6AEFECA1-7E95-4D14-B3FD-1BFE29D5EE68}.Release|x86.Build.0 = Release|Win32
		{58EE972E-F559-4409-BDBA-C09BABAC8722}.Debug|x64.ActiveCfg = Debug|x64
		{58EE972E-F559-4409-BDBA-C09BABAC8722}.Debug|x64.Build.0 = Debug|x64
		{58EE972E-F559-4409-BDBA-C09BABAC8722}.Debug|x86.ActiveCfg = Debug|Win32
		{58EE972E-F559-4409-BDBA-C09BABAC8722}.Debug|x86.Build.0 = Debug|Win32
		{58EE972E-F559-4409-BDBA-C09BABAC8722}.Release|x64.ActiveCfg = Release|x64
		{58EE972E-F559-4409-BDBA-C09BABAC8722}.Release|x64.Build.0 = Release|x64
		{58EE972E-F559-4409-BDBA-C09BABAC8722}.Release|x86.ActiveCfg = Release|Win32
		{58EE972E-F559-4409-BDBA-C09BABAC8722}.Release|x86.Build.0 = Release|Win32
		{CF44D707-EB6D-47C5-ABD0-680FEE97B7C5}.Debug|x64.ActiveCfg = Debug|x64
		{CF44D707-EB6D-47C5-ABD0-680FEE97B7C5}.Debug|x64.Build.0 = Debug|x64
		{CF44D707-EB6D-47C5-ABD0-680FEE97B7C5}.Debug|x86.ActiveCfg = Debug|Win32
		{CF44D707-EB6D-47C5-ABD0-680FEE97B7C5}.Debug|x86.Build.0 = Debug|Win32
		{CF44D707-EB6D-47C5-ABD0-680FEE97B7C5}.Release|x64.ActiveCfg = Release|x64
		{CF44D707-EB6D-47C5-ABD0-680FEE97B7C5}.Release|x64.Build.0 = Release|x64
		{CF44D707-EB6D-47C5-ABD0-680FEE97B7C5}.Release|x86.ActiveCfg = Release|Win32
		{CF44D707-EB6D-47C5-ABD0-680FEE97B7C5}.Release|x86.Build.0 = Release|Win32
		{10CD7CCE-558B-4610-9E3D-941388013B30}.Debug|x64.ActiveCfg = Debug|x64
		{10CD7CCE-558B-4610-9E3D-941388013B30}.Debug|x64.Build.0 = Debug|x64
		{10CD7CCE-558B-4610-9E3D-941388013B30}.Debug|x86.ActiveCfg = Debug|Win32
		{10CD7CCE-558B-4610-9E3D-941388013B30}.Debug|x86.Build.0 = Debug|Win32
		{10CD7CCE-558B-4610-9E3D-941388013B30}.Release|x64.ActiveCfg = Release|x64
		{10CD7CCE-558B-4610-9E3D-941388013B30}.Release|x64.Build.0 = Release|x64
		{10CD7CCE-558B-4610-9E3D-941388013B30}.Release|x86.ActiveCfg = Release|Win32
		{10CD7CCE-558B-4610-9E3D-941388013B30}.Release|x86.Build.0 = Release|Win32
		{32A9694F-6E17-410D-9E74-F7877CE1E36D}.Debug|x64.ActiveCfg = Debug|x64
		{32A9694F-6E17-410D-9E74-F7877CE1E36D}.Debug|x64.Build.0 = Debug|x64
		{32A9694F-6E17-410D-9E74-F7877CE1E36D}.Debug|x86.ActiveCfg = Debug|Win32
		{32A9694F-6E17-410D-9E74-F7877CE1E36D}.Debug|x86.Build.0 = Debug|Win32
		{32A9694F-6E17-410D-9E74-F7877CE1E36D}.Release|x64.ActiveCfg = Release|x64
		{32A9694F-6E17-410D-9E74-F7877CE1E36D}.Release|x64.Build.0 = Release|x64
		{32A9694F-6E17-410D-9E74-F7877CE1E36D}.Release|x86.ActiveCfg = Release|Win32
		{32A9694F-6E17-410D-9E74-F7877CE1E36D}.Release|x86.Build.0 = Release|Win32
		{ABE2FD1F-90D6-49EC-B6F9-4B463B8E8D83}.Debug|x64.ActiveCfg = Debug|x64
		{ABE2FD1F-90D6-49EC-B6F9-4B463B8E8D83}.Debug|x64.Build.0 = Debug|x64
		{ABE2FD1F-90D6-49EC-B6F9-4B463B8E8D83}.Debug|x86.ActiveCfg = Debug|Win32
		{ABE2FD1F-90D6-49EC-B6F9-4B463B8E8D83}.Debug|x86.Build.0 = Debug|Win32
		{ABE2FD1F-90D6-49EC-B6F9-4B463B8E8D83}.Release|x64.ActiveCfg = Release|x64
		{ABE2FD1F-90D6-49EC-B6F9-4B463B8E8D83}.Release|x64.Build.0 = Release|x64
		{ABE2FD1F-90D6-49EC-B6F9-4B463B8E8D83}.Release|x86.ActiveCfg = Release|Win32
		{ABE2FD1F-90D6-49EC-B6F9-4B463B8E8D83}.Release|x86.Build.0 = Release|Win32
		{B9196FE7-4BDB-4A5A-862A-CFA4D03E37FA}.Debug|x64.ActiveCfg = Debug|x64
		{B9196FE7-4BDB-4A5A-862A-CFA4D03E37FA}.Debug|x64.Build.0 = Debug|x64
		{B9196FE7-4BDB-4A5A-862A-CFA4D03E37FA}.Debug|x86.ActiveCfg = Debug|Win32
		{B9196FE7-4BDB-4A5A-862A-CFA4D03E37FA}.Debug|x86.Build.0 = Debug|Win32
		{B9196FE7-4BDB-4A5A-862A-CFA4D03E37FA}.Release|x64.ActiveCfg = Release|x64
		{B9196FE7-4BDB-4A5A-862A-CFA4D03E37FA}.Release|x64.Build.0 = Release|x64
		{B9196FE7-4BDB-4A5A-862A-CFA4D03E37FA}.Release|x86.ActiveCfg = Release|Win32
		{B9196FE7-4BDB-4A5A-862A-CFA4D03E37FA}.Release|x86.Build.0 = Release|Win32
		{CF65DCAF-84C8-4E50-9BCC-BF184991675E}.Debug|x64.ActiveCfg = Debug|x64
		{CF65DCAF-84C8-4E50-9BCC-BF184991675E}.Debug|x64.Build.0 = Debug|x64
		{CF65DCAF-84C8-4E50-9BCC-BF184991675E}.Debug|x86.ActiveCfg = Debug|Win32
		{CF65DCAF-84C8-4E50-9BCC-BF184991675E}.Debug|x86.Build.0 = Debug|Win32
		{CF65DCAF-84C8-4E50-9BCC-BF184991675E}.Release|x64.ActiveCfg = Release|x64
		{CF65DCAF-84C8-4E50-9BCC-BF184991675E}.Release|x64.Build.0 = Release|x64
		{CF65DCAF-84C8-4E50-9BCC-BF184991675E}.Release|x86.ActiveCfg = Release|Win32
		{CF65DCAF-84C8-4E50-9BCC-BF184991675E}.Release|x86.Build.0 = Release|Win32
	EndGlobalSection
	GlobalSection(SolutionProperties) = preSolution
		HideSolutionNode = FALSE
	EndGlobalSection
	GlobalSection(ExtensibilityGlobals) = postSolution
		SolutionGuid = {CFD25170-9E60-4DF6-8CB2-3A95D0D47346}
	EndGlobalSection
EndGlobal
