
Microsoft Visual Studio Solution File, Format Version 12.00
# Visual Studio Version 16
VisualStudioVersion = 16.0.31613.86
MinimumVisualStudioVersion = 10.0.40219.1
Project("{8BC9CEB8-8B4A-11D0-8D11-00A0C91BC942}") = "Ej01", "Ej01\Ej01.vcxproj", "{7AC69F1B-D720-4BD2-8F82-3C7EEC64E338}"
EndProject
Project("{8BC9CEB8-8B4A-11D0-8D11-00A0C91BC942}") = "Ej02", "Ej02\Ej02.vcxproj", "{B0461222-3E31-4EAE-8401-E09FA0D0B6FC}"
EndProject
Project("{8BC9CEB8-8B4A-11D0-8D11-00A0C91BC942}") = "Ej03", "Ej03\Ej03.vcxproj", "{6D3A61A9-5250-482A-A3EF-357BA7AD821D}"
EndProject
Project("{8BC9CEB8-8B4A-11D0-8D11-00A0C91BC942}") = "Ej04", "Ej04\Ej04.vcxproj", "{EE29FFF1-AFDE-4353-A71E-8A569EE3018D}"
EndProject
Project("{8BC9CEB8-8B4A-11D0-8D11-00A0C91BC942}") = "Ej05", "Ej05\Ej05.vcxproj", "{0313354F-6439-417E-997F-3D8664A53D94}"
EndProject
Global
	GlobalSection(SolutionConfigurationPlatforms) = preSolution
		Debug|x64 = Debug|x64
		Debug|x86 = Debug|x86
		Release|x64 = Release|x64
		Release|x86 = Release|x86
	EndGlobalSection
	GlobalSection(ProjectConfigurationPlatforms) = postSolution
		{7AC69F1B-D720-4BD2-8F82-3C7EEC64E338}.Debug|x64.ActiveCfg = Debug|x64
		{7AC69F1B-D720-4BD2-8F82-3C7EEC64E338}.Debug|x64.Build.0 = Debug|x64
		{7AC69F1B-D720-4BD2-8F82-3C7EEC64E338}.Debug|x86.ActiveCfg = Debug|Win32
		{7AC69F1B-D720-4BD2-8F82-3C7EEC64E338}.Debug|x86.Build.0 = Debug|Win32
		{7AC69F1B-D720-4BD2-8F82-3C7EEC64E338}.Release|x64.ActiveCfg = Release|x64
		{7AC69F1B-D720-4BD2-8F82-3C7EEC64E338}.Release|x64.Build.0 = Release|x64
		{7AC69F1B-D720-4BD2-8F82-3C7EEC64E338}.Release|x86.ActiveCfg = Release|Win32
		{7AC69F1B-D720-4BD2-8F82-3C7EEC64E338}.Release|x86.Build.0 = Release|Win32
		{B0461222-3E31-4EAE-8401-E09FA0D0B6FC}.Debug|x64.ActiveCfg = Debug|x64
		{B0461222-3E31-4EAE-8401-E09FA0D0B6FC}.Debug|x64.Build.0 = Debug|x64
		{B0461222-3E31-4EAE-8401-E09FA0D0B6FC}.Debug|x86.ActiveCfg = Debug|Win32
		{B0461222-3E31-4EAE-8401-E09FA0D0B6FC}.Debug|x86.Build.0 = Debug|Win32
		{B0461222-3E31-4EAE-8401-E09FA0D0B6FC}.Release|x64.ActiveCfg = Release|x64
		{B0461222-3E31-4EAE-8401-E09FA0D0B6FC}.Release|x64.Build.0 = Release|x64
		{B0461222-3E31-4EAE-8401-E09FA0D0B6FC}.Release|x86.ActiveCfg = Release|Win32
		{B0461222-3E31-4EAE-8401-E09FA0D0B6FC}.Release|x86.Build.0 = Release|Win32
		{6D3A61A9-5250-482A-A3EF-357BA7AD821D}.Debug|x64.ActiveCfg = Debug|x64
		{6D3A61A9-5250-482A-A3EF-357BA7AD821D}.Debug|x64.Build.0 = Debug|x64
		{6D3A61A9-5250-482A-A3EF-357BA7AD821D}.Debug|x86.ActiveCfg = Debug|Win32
		{6D3A61A9-5250-482A-A3EF-357BA7AD821D}.Debug|x86.Build.0 = Debug|Win32
		{6D3A61A9-5250-482A-A3EF-357BA7AD821D}.Release|x64.ActiveCfg = Release|x64
		{6D3A61A9-5250-482A-A3EF-357BA7AD821D}.Release|x64.Build.0 = Release|x64
		{6D3A61A9-5250-482A-A3EF-357BA7AD821D}.Release|x86.ActiveCfg = Release|Win32
		{6D3A61A9-5250-482A-A3EF-357BA7AD821D}.Release|x86.Build.0 = Release|Win32
		{EE29FFF1-AFDE-4353-A71E-8A569EE3018D}.Debug|x64.ActiveCfg = Debug|x64
		{EE29FFF1-AFDE-4353-A71E-8A569EE3018D}.Debug|x64.Build.0 = Debug|x64
		{EE29FFF1-AFDE-4353-A71E-8A569EE3018D}.Debug|x86.ActiveCfg = Debug|Win32
		{EE29FFF1-AFDE-4353-A71E-8A569EE3018D}.Debug|x86.Build.0 = Debug|Win32
		{EE29FFF1-AFDE-4353-A71E-8A569EE3018D}.Release|x64.ActiveCfg = Release|x64
		{EE29FFF1-AFDE-4353-A71E-8A569EE3018D}.Release|x64.Build.0 = Release|x64
		{EE29FFF1-AFDE-4353-A71E-8A569EE3018D}.Release|x86.ActiveCfg = Release|Win32
		{EE29FFF1-AFDE-4353-A71E-8A569EE3018D}.Release|x86.Build.0 = Release|Win32
		{0313354F-6439-417E-997F-3D8664A53D94}.Debug|x64.ActiveCfg = Debug|x64
		{0313354F-6439-417E-997F-3D8664A53D94}.Debug|x64.Build.0 = Debug|x64
		{0313354F-6439-417E-997F-3D8664A53D94}.Debug|x86.ActiveCfg = Debug|Win32
		{0313354F-6439-417E-997F-3D8664A53D94}.Debug|x86.Build.0 = Debug|Win32
		{0313354F-6439-417E-997F-3D8664A53D94}.Release|x64.ActiveCfg = Release|x64
		{0313354F-6439-417E-997F-3D8664A53D94}.Release|x64.Build.0 = Release|x64
		{0313354F-6439-417E-997F-3D8664A53D94}.Release|x86.ActiveCfg = Release|Win32
		{0313354F-6439-417E-997F-3D8664A53D94}.Release|x86.Build.0 = Release|Win32
	EndGlobalSection
	GlobalSection(SolutionProperties) = preSolution
		HideSolutionNode = FALSE
	EndGlobalSection
	GlobalSection(ExtensibilityGlobals) = postSolution
		SolutionGuid = {CFD25170-9E60-4DF6-8CB2-3A95D0D47346}
	EndGlobalSection
EndGlobal
